# THIS IS AN AUTOGENERATED FILE. DO NOT EDIT THIS FILE DIRECTLY.
# yarn lockfile v1


date-fns@^2.6.0:
  version "2.11.1"
  resolved "https://registry.yarnpkg.com/date-fns/-/date-fns-2.11.1.tgz#197b8be1bbf5c5e6fe8bea817f0fe111820e7a12"
  integrity sha512-3RdUoinZ43URd2MJcquzBbDQo+J87cSzB8NkXdZiN5ia1UNyep0oCyitfiL88+R7clGTeq/RniXAc16gWyAu1w==

lodash@^4.17.11:
  version "4.17.15"
  resolved "https://registry.yarnpkg.com/lodash/-/lodash-4.17.15.tgz#b447f6670a0455bbfeedd11392eff330ea097548"
  integrity sha512-8xOcRHvCjnocdS5cpwXQXVzmmh5e5+saE2QGoeQmbKmRS6J3VQppPOIt0MnmE+4xlZoumy0GPG0D0MVIQbNA1A==

popper.js@^1.14.7:
  version "1.16.1"
  resolved "https://registry.yarnpkg.com/popper.js/-/popper.js-1.16.1.tgz#2a223cb3dc7b6213d740e40372be40de43e65b1b"
  integrity sha512-Wb4p1J4zyFTbM+u6WuO4XstYx4Ky9Cewe4DWrel7B0w6VVICvPwdOpotjzcf6eD8TsckVnIMNONQyPIUFOUbCQ==

v-calendar@^1.0.1:
  version "1.0.1"
  resolved "https://registry.yarnpkg.com/v-calendar/-/v-calendar-1.0.1.tgz#40092c7d4475f3183350b42471af81759c9a8600"
  integrity sha512-TIaB2ASVBv7DzRIzpSwE33khQlnyTi5U4lBzxY1mP7Zz1nv6f3wW/WOhNGBsWhVkXERU6tuc3/7gwaybNJY+vQ==
  dependencies:
    date-fns "^2.6.0"
    lodash "^4.17.11"
    popper.js "^1.14.7"

vue-analytics@^5.22.1:
  version "5.22.1"
  resolved "https://registry.yarnpkg.com/vue-analytics/-/vue-analytics-5.22.1.tgz#9d6b32da56daee1b9dfb23a267b50349a03f710f"
  integrity sha512-HPKQMN7gfcUqS5SxoO0VxqLRRSPkG1H1FqglsHccz6BatBatNtm/Vyy8brApktZxNCfnAkrSVDpxg3/FNDeOgQ==
