# THIS IS AN AUTOGENERATED FILE. DO NOT EDIT THIS FILE DIRECTLY.
# yarn lockfile v1


date-fns@^2.6.0:
  version "2.11.1"
  resolved "https://registry.yarnpkg.com/date-fns/-/date-fns-2.11.1.tgz#197b8be1bbf5c5e6fe8bea817f0fe111820e7a12"
  integrity sha512-3RdUoinZ43URd2MJcquzBbDQo+J87cSzB8NkXdZiN5ia1UNyep0oCyitfiL88+R7clGTeq/RniXAc16gWyAu1w==

file-saver@^2.0.2:
  version "2.0.2"
  resolved "https://registry.yarnpkg.com/file-saver/-/file-saver-2.0.2.tgz#06d6e728a9ea2df2cce2f8d9e84dfcdc338ec17a"
  integrity sha512-Wz3c3XQ5xroCxd1G8b7yL0Ehkf0TC9oYC6buPFkNnU9EnaPlifeAFCyCh+iewXTyFRcg0a6j3J7FmJsIhlhBdw==

gsap@^3.6.0:
  version "3.6.0"
  resolved "https://registry.yarnpkg.com/gsap/-/gsap-3.6.0.tgz#925f25370c698ce0f6ea563522da8f6b5ed21b0a"
  integrity sha512-0P3syv1TmYr+A/VZ8UMFzw+s0XoaKSzzDFs8NqkXiJTXI4E/VTi0zRjPgxaPBpiUPPycgRnFjLDe0Tb4dRRf+w==

lodash.mapkeys@^4.6.0:
  version "4.6.0"
  resolved "https://registry.yarnpkg.com/lodash.mapkeys/-/lodash.mapkeys-4.6.0.tgz#df2cfa231d7c57c7a8ad003abdad5d73d3ea5195"
  integrity sha1-3yz6Ix18V8eorQA6va1dc9PqUZU=

lodash.pick@^4.4.0:
  version "4.4.0"
  resolved "https://registry.yarnpkg.com/lodash.pick/-/lodash.pick-4.4.0.tgz#52f05610fff9ded422611441ed1fc123a03001b3"
  integrity sha1-UvBWEP/53tQiYRRB7R/BI6AwAbM=

lodash.pickby@^4.6.0:
  version "4.6.0"
  resolved "https://registry.yarnpkg.com/lodash.pickby/-/lodash.pickby-4.6.0.tgz#7dea21d8c18d7703a27c704c15d3b84a67e33aff"
  integrity sha1-feoh2MGNdwOifHBMFdO4SmfjOv8=

lodash@^4.17.11:
  version "4.17.19"
  resolved "https://registry.yarnpkg.com/lodash/-/lodash-4.17.19.tgz#e48ddedbe30b3321783c5b4301fbd353bc1e4a4b"
  integrity sha512-JNvd8XER9GQX0v2qJgsaN/mzFCNA5BRe/j8JN9d+tWyGLSodKQHKFicdwNYzWwI3wjRnaKPsGj1XkBjx/F96DQ==

papaparse@^5.1.1:
  version "5.2.0"
  resolved "https://registry.yarnpkg.com/papaparse/-/papaparse-5.2.0.tgz#97976a1b135c46612773029153dc64995caa3b7b"
  integrity sha512-ylq1wgUSnagU+MKQtNeVqrPhZuMYBvOSL00DHycFTCxownF95gpLAk1HiHdUW77N8yxRq1qHXLdlIPyBSG9NSA==

popper.js@^1.14.7:
  version "1.16.1"
  resolved "https://registry.yarnpkg.com/popper.js/-/popper.js-1.16.1.tgz#2a223cb3dc7b6213d740e40372be40de43e65b1b"
  integrity sha512-Wb4p1J4zyFTbM+u6WuO4XstYx4Ky9Cewe4DWrel7B0w6VVICvPwdOpotjzcf6eD8TsckVnIMNONQyPIUFOUbCQ==

v-calendar@^1.0.1:
  version "1.0.1"
  resolved "https://registry.yarnpkg.com/v-calendar/-/v-calendar-1.0.1.tgz#40092c7d4475f3183350b42471af81759c9a8600"
  integrity sha512-TIaB2ASVBv7DzRIzpSwE33khQlnyTi5U4lBzxY1mP7Zz1nv6f3wW/WOhNGBsWhVkXERU6tuc3/7gwaybNJY+vQ==
  dependencies:
    date-fns "^2.6.0"
    lodash "^4.17.11"
    popper.js "^1.14.7"

vue-analytics@^5.22.1:
  version "5.22.1"
  resolved "https://registry.yarnpkg.com/vue-analytics/-/vue-analytics-5.22.1.tgz#9d6b32da56daee1b9dfb23a267b50349a03f710f"
  integrity sha512-HPKQMN7gfcUqS5SxoO0VxqLRRSPkG1H1FqglsHccz6BatBatNtm/Vyy8brApktZxNCfnAkrSVDpxg3/FNDeOgQ==

vue-cookies@^1.7.0:
  version "1.7.0"
  resolved "https://registry.yarnpkg.com/vue-cookies/-/vue-cookies-1.7.0.tgz#dd8f147ff1579e0cbd5f352dc5dff2696d8760b8"
  integrity sha512-vuEUm6wYMMrFAHFCrkzIUAy8+MgPAbBGmYXnk2M6X6O2KHbMT1wuDD2izacmsSUp6ZM02e23MJRtPRobl88VMg==

vue-json-csv@^1.2.11:
  version "1.2.11"
  resolved "https://registry.yarnpkg.com/vue-json-csv/-/vue-json-csv-1.2.11.tgz#b198bd2790b3950a821e851f3cfc6a894676a4bf"
  integrity sha512-Z6Cqs5EnZhVzMuN/bmvxjF4Ze8mkLG0wHeZqKYHtra/wiMJkDw6F7h1pvwZNGFEcmYgo+p3nQsok7G3iB0x4yw==
  dependencies:
    file-saver "^2.0.2"
    lodash.mapkeys "^4.6.0"
    lodash.pick "^4.4.0"
    lodash.pickby "^4.6.0"
    papaparse "^5.1.1"
    vue "^2.6.11"

vue@^2.6.11:
  version "2.6.11"
  resolved "https://registry.yarnpkg.com/vue/-/vue-2.6.11.tgz#76594d877d4b12234406e84e35275c6d514125c5"
  integrity sha512-VfPwgcGABbGAue9+sfrD4PuwFar7gPb1yl1UK1MwXoQPAw0BKSqWfoYCT/ThFrdEVWoI51dBuyCoiNU9bZDZxQ==
