# THIS IS AN AUTOGENERATED FILE. DO NOT EDIT THIS FILE DIRECTLY.
# yarn lockfile v1


vue-analytics@^5.22.1:
  version "5.22.1"
  resolved "https://registry.yarnpkg.com/vue-analytics/-/vue-analytics-5.22.1.tgz#9d6b32da56daee1b9dfb23a267b50349a03f710f"
  integrity sha512-HPKQMN7gfcUqS5SxoO0VxqLRRSPkG1H1FqglsHccz6BatBatNtm/Vyy8brApktZxNCfnAkrSVDpxg3/FNDeOgQ==
